
Microsoft Visual Studio Solution File, Format Version 12.00
# Visual Studio Version 17
VisualStudioVersion = 17.0.31903.59
MinimumVisualStudioVersion = 10.0.40219.1
Project("{9A19103F-16F7-4668-BE54-9A1E7A4F7556}") = "Documento.BR.Models", "src\Documento.BR.Models\Documento.BR.Models.csproj", "{7E188AE0-B9E5-4857-A39C-0FA06B396FDC}"
EndProject
Project("{9A19103F-16F7-4668-BE54-9A1E7A4F7556}") = "Documento.BR.Rules", "src\Documento.BR.Rules\Documento.BR.Rules.csproj", "{072F3005-28CA-4547-A09A-602FB74995CB}"
EndProject
Project("{2150E333-8FDC-42A3-9474-1A3956D46DE8}") = "src", "src", "{B99EF0AB-34AE-4C8E-825C-5121F5352334}"
EndProject
Project("{2150E333-8FDC-42A3-9474-1A3956D46DE8}") = "tests", "tests", "{28A768EC-40A0-4378-9B0E-54F178D3A965}"
	ProjectSection(SolutionItems) = preProject
		plano-teste.txt = plano-teste.txt
	EndProjectSection
EndProject
Project("{9A19103F-16F7-4668-BE54-9A1E7A4F7556}") = "Documento.BR.Models.Tests", "tests\Documento.BR.Models.Tests\Documento.BR.Models.Tests.csproj", "{FD529504-2540-4601-A75E-8AEE300AC4CA}"
EndProject
Project("{9A19103F-16F7-4668-BE54-9A1E7A4F7556}") = "Documento.BR.Rules.Tests", "tests\Documento.BR.Rules.Tests\Documento.BR.Rules.Tests.csproj", "{D74F19BD-D82C-411B-A42B-DF1764B200C0}"
EndProject
Project("{9A19103F-16F7-4668-BE54-9A1E7A4F7556}") = "Documento.BR.Extensions.Tests", "tests\Documento.BR.Extensions.Tests\Documento.BR.Extensions.Tests.csproj", "{8F9C2F59-7C66-4A06-BAE5-0F616BE35F33}"
EndProject
Project("{9A19103F-16F7-4668-BE54-9A1E7A4F7556}") = "Documento.BR.Extensions.FluentValidation", "src\Documento.BR.Extensions.FluentValidation\Documento.BR.Extensions.FluentValidation.csproj", "{43339BFD-FB3D-41C7-A9FF-D362A00BC7F5}"
EndProject
Global
	GlobalSection(SolutionConfigurationPlatforms) = preSolution
		Debug|Any CPU = Debug|Any CPU
		Release|Any CPU = Release|Any CPU
	EndGlobalSection
	GlobalSection(ProjectConfigurationPlatforms) = postSolution
		{7E188AE0-B9E5-4857-A39C-0FA06B396FDC}.Debug|Any CPU.ActiveCfg = Debug|Any CPU
		{7E188AE0-B9E5-4857-A39C-0FA06B396FDC}.Debug|Any CPU.Build.0 = Debug|Any CPU
		{7E188AE0-B9E5-4857-A39C-0FA06B396FDC}.Release|Any CPU.ActiveCfg = Release|Any CPU
		{7E188AE0-B9E5-4857-A39C-0FA06B396FDC}.Release|Any CPU.Build.0 = Release|Any CPU
		{072F3005-28CA-4547-A09A-602FB74995CB}.Debug|Any CPU.ActiveCfg = Debug|Any CPU
		{072F3005-28CA-4547-A09A-602FB74995CB}.Debug|Any CPU.Build.0 = Debug|Any CPU
		{072F3005-28CA-4547-A09A-602FB74995CB}.Release|Any CPU.ActiveCfg = Release|Any CPU
		{072F3005-28CA-4547-A09A-602FB74995CB}.Release|Any CPU.Build.0 = Release|Any CPU
		{FD529504-2540-4601-A75E-8AEE300AC4CA}.Debug|Any CPU.ActiveCfg = Debug|Any CPU
		{FD529504-2540-4601-A75E-8AEE300AC4CA}.Debug|Any CPU.Build.0 = Debug|Any CPU
		{FD529504-2540-4601-A75E-8AEE300AC4CA}.Release|Any CPU.ActiveCfg = Release|Any CPU
		{FD529504-2540-4601-A75E-8AEE300AC4CA}.Release|Any CPU.Build.0 = Release|Any CPU
		{D74F19BD-D82C-411B-A42B-DF1764B200C0}.Debug|Any CPU.ActiveCfg = Debug|Any CPU
		{D74F19BD-D82C-411B-A42B-DF1764B200C0}.Debug|Any CPU.Build.0 = Debug|Any CPU
		{D74F19BD-D82C-411B-A42B-DF1764B200C0}.Release|Any CPU.ActiveCfg = Release|Any CPU
		{D74F19BD-D82C-411B-A42B-DF1764B200C0}.Release|Any CPU.Build.0 = Release|Any CPU
		{8F9C2F59-7C66-4A06-BAE5-0F616BE35F33}.Debug|Any CPU.ActiveCfg = Debug|Any CPU
		{8F9C2F59-7C66-4A06-BAE5-0F616BE35F33}.Debug|Any CPU.Build.0 = Debug|Any CPU
		{8F9C2F59-7C66-4A06-BAE5-0F616BE35F33}.Release|Any CPU.ActiveCfg = Release|Any CPU
		{8F9C2F59-7C66-4A06-BAE5-0F616BE35F33}.Release|Any CPU.Build.0 = Release|Any CPU
		{43339BFD-FB3D-41C7-A9FF-D362A00BC7F5}.Debug|Any CPU.ActiveCfg = Debug|Any CPU
		{43339BFD-FB3D-41C7-A9FF-D362A00BC7F5}.Debug|Any CPU.Build.0 = Debug|Any CPU
		{43339BFD-FB3D-41C7-A9FF-D362A00BC7F5}.Release|Any CPU.ActiveCfg = Release|Any CPU
		{43339BFD-FB3D-41C7-A9FF-D362A00BC7F5}.Release|Any CPU.Build.0 = Release|Any CPU
	EndGlobalSection
	GlobalSection(SolutionProperties) = preSolution
		HideSolutionNode = FALSE
	EndGlobalSection
	GlobalSection(NestedProjects) = preSolution
		{7E188AE0-B9E5-4857-A39C-0FA06B396FDC} = {B99EF0AB-34AE-4C8E-825C-5121F5352334}
		{072F3005-28CA-4547-A09A-602FB74995CB} = {B99EF0AB-34AE-4C8E-825C-5121F5352334}
		{FD529504-2540-4601-A75E-8AEE300AC4CA} = {28A768EC-40A0-4378-9B0E-54F178D3A965}
		{D74F19BD-D82C-411B-A42B-DF1764B200C0} = {28A768EC-40A0-4378-9B0E-54F178D3A965}
		{8F9C2F59-7C66-4A06-BAE5-0F616BE35F33} = {28A768EC-40A0-4378-9B0E-54F178D3A965}
		{43339BFD-FB3D-41C7-A9FF-D362A00BC7F5} = {B99EF0AB-34AE-4C8E-825C-5121F5352334}
	EndGlobalSection
	GlobalSection(ExtensibilityGlobals) = postSolution
		SolutionGuid = {55FE0519-5C6E-41A2-B0E6-401080A4D254}
	EndGlobalSection
EndGlobal
